
Microsoft Visual Studio Solution File, Format Version 12.00
# Visual Studio Version 17
VisualStudioVersion = 17.13.35931.197 d17.13
MinimumVisualStudioVersion = 10.0.40219.1
Project("{FAE04EC0-301F-11D3-BF4B-00C04F79EFBC}") = "Gyakorlo_ZH", "Gyakorlo_ZH\Gyakorlo_ZH.csproj", "{16B17B1D-F912-4C99-8F27-83C7A9CE24A0}"
EndProject
Global
	GlobalSection(SolutionConfigurationPlatforms) = preSolution
		Debug|Any CPU = Debug|Any CPU
		Release|Any CPU = Release|Any CPU
	EndGlobalSection
	GlobalSection(ProjectConfigurationPlatforms) = postSolution
		{16B17B1D-F912-4C99-8F27-83C7A9CE24A0}.Debug|Any CPU.ActiveCfg = Debug|Any CPU
		{16B17B1D-F912-4C99-8F27-83C7A9CE24A0}.Debug|Any CPU.Build.0 = Debug|Any CPU
		{16B17B1D-F912-4C99-8F27-83C7A9CE24A0}.Release|Any CPU.ActiveCfg = Release|Any CPU
		{16B17B1D-F912-4C99-8F27-83C7A9CE24A0}.Release|Any CPU.Build.0 = Release|Any CPU
	EndGlobalSection
	GlobalSection(SolutionProperties) = preSolution
		HideSolutionNode = FALSE
	EndGlobalSection
	GlobalSection(ExtensibilityGlobals) = postSolution
		SolutionGuid = {4017EFEA-4544-4A6D-AE3E-A579D155DC12}
	EndGlobalSection
EndGlobal
